
Microsoft Visual Studio Solution File, Format Version 12.00
# Visual Studio Version 17
VisualStudioVersion = 17.5.33627.172
MinimumVisualStudioVersion = 10.0.40219.1
Project("{9A19103F-16F7-4668-BE54-9A1E7A4F7556}") = "PowerPages.WebAPITemplate", "PowerPages.WebAPITemplate\PowerPages.WebAPITemplate.csproj", "{D441B46E-A65E-45CC-8C8E-02EBA8A594F9}"
EndProject
Global
	GlobalSection(SolutionConfigurationPlatforms) = preSolution
		Debug|Any CPU = Debug|Any CPU
		Release|Any CPU = Release|Any CPU
	EndGlobalSection
	GlobalSection(ProjectConfigurationPlatforms) = postSolution
		{D441B46E-A65E-45CC-8C8E-02EBA8A594F9}.Debug|Any CPU.ActiveCfg = Debug|Any CPU
		{D441B46E-A65E-45CC-8C8E-02EBA8A594F9}.Debug|Any CPU.Build.0 = Debug|Any CPU
		{D441B46E-A65E-45CC-8C8E-02EBA8A594F9}.Release|Any CPU.ActiveCfg = Release|Any CPU
		{D441B46E-A65E-45CC-8C8E-02EBA8A594F9}.Release|Any CPU.Build.0 = Release|Any CPU
	EndGlobalSection
	GlobalSection(SolutionProperties) = preSolution
		HideSolutionNode = FALSE
	EndGlobalSection
	GlobalSection(ExtensibilityGlobals) = postSolution
		SolutionGuid = {215A03D6-0711-40B4-94D0-AF06A5F688CC}
	EndGlobalSection
EndGlobal
